// !$*UTF8*$!
{
	archiveVersion = 1;
	classes = {
	};
	objectVersion = 50;
	objects = {

/* Begin PBXBuildFile section */
		2700A6AC2146F0E2007B1BC1 /* AppDelegate.swift in Sources */ = {isa = PBXBuildFile; fileRef = 2700A6AB2146F0E2007B1BC1 /* AppDelegate.swift */; };
		2700A6AE2146F0E2007B1BC1 /* ViewController.swift in Sources */ = {isa = PBXBuildFile; fileRef = 2700A6AD2146F0E2007B1BC1 /* ViewController.swift */; };
		2700A6B02146F0E2007B1BC1 /* Assets.xcassets in Resources */ = {isa = PBXBuildFile; fileRef = 2700A6AF2146F0E2007B1BC1 /* Assets.xcassets */; };
		2700A6B32146F0E2007B1BC1 /* Main.storyboard in Resources */ = {isa = PBXBuildFile; fileRef = 2700A6B12146F0E2007B1BC1 /* Main.storyboard */; };
		2700A6BC2146F0F5007B1BC1 /* LifeModel.swift in Sources */ = {isa = PBXBuildFile; fileRef = 2700A6BB2146F0F5007B1BC1 /* LifeModel.swift */; };
		2700A6C02146F135007B1BC1 /* LifeView.swift in Sources */ = {isa = PBXBuildFile; fileRef = 2700A6BF2146F135007B1BC1 /* LifeView.swift */; };
		2700A6DE21470F2A007B1BC1 /* Gaucho_LifesaverView.h in Headers */ = {isa = PBXBuildFile; fileRef = 2700A6DD21470F2A007B1BC1 /* Gaucho_LifesaverView.h */; };
		2700A6E021470F2A007B1BC1 /* Gaucho_LifesaverView.m in Sources */ = {isa = PBXBuildFile; fileRef = 2700A6DF21470F2A007B1BC1 /* Gaucho_LifesaverView.m */; };
		2700A6E5214710CC007B1BC1 /* LifeModel.swift in Sources */ = {isa = PBXBuildFile; fileRef = 2700A6BB2146F0F5007B1BC1 /* LifeModel.swift */; };
/* End PBXBuildFile section */

/* Begin PBXFileReference section */
		2700A6A82146F0E2007B1BC1 /* Gaucho Life App.app */ = {isa = PBXFileReference; explicitFileType = wrapper.application; includeInIndex = 0; path = "Gaucho Life App.app"; sourceTree = BUILT_PRODUCTS_DIR; };
		2700A6AB2146F0E2007B1BC1 /* AppDelegate.swift */ = {isa = PBXFileReference; lastKnownFileType = sourcecode.swift; path = AppDelegate.swift; sourceTree = "<group>"; };
		2700A6AD2146F0E2007B1BC1 /* ViewController.swift */ = {isa = PBXFileReference; lastKnownFileType = sourcecode.swift; path = ViewController.swift; sourceTree = "<group>"; };
		2700A6AF2146F0E2007B1BC1 /* Assets.xcassets */ = {isa = PBXFileReference; lastKnownFileType = folder.assetcatalog; path = Assets.xcassets; sourceTree = "<group>"; };
		2700A6B22146F0E2007B1BC1 /* Base */ = {isa = PBXFileReference; lastKnownFileType = file.storyboard; name = Base; path = Base.lproj/Main.storyboard; sourceTree = "<group>"; };
		2700A6B42146F0E2007B1BC1 /* Info.plist */ = {isa = PBXFileReference; lastKnownFileType = text.plist.xml; path = Info.plist; sourceTree = "<group>"; };
		2700A6B52146F0E2007B1BC1 /* Gaucho_Life.entitlements */ = {isa = PBXFileReference; lastKnownFileType = text.plist.entitlements; path = Gaucho_Life.entitlements; sourceTree = "<group>"; };
		2700A6BB2146F0F5007B1BC1 /* LifeModel.swift */ = {isa = PBXFileReference; lastKnownFileType = sourcecode.swift; path = LifeModel.swift; sourceTree = "<group>"; };
		2700A6BF2146F135007B1BC1 /* LifeView.swift */ = {isa = PBXFileReference; lastKnownFileType = sourcecode.swift; path = LifeView.swift; sourceTree = "<group>"; };
		2700A6D4214705FE007B1BC1 /* ScreenSaver.framework */ = {isa = PBXFileReference; lastKnownFileType = wrapper.framework; name = ScreenSaver.framework; path = System/Library/Frameworks/ScreenSaver.framework; sourceTree = SDKROOT; };
		2700A6DB21470F2A007B1BC1 /* Gaucho Life.saver */ = {isa = PBXFileReference; explicitFileType = wrapper.cfbundle; includeInIndex = 0; path = "Gaucho Life.saver"; sourceTree = BUILT_PRODUCTS_DIR; };
		2700A6DD21470F2A007B1BC1 /* Gaucho_LifesaverView.h */ = {isa = PBXFileReference; lastKnownFileType = sourcecode.c.h; path = Gaucho_LifesaverView.h; sourceTree = "<group>"; };
		2700A6DF21470F2A007B1BC1 /* Gaucho_LifesaverView.m */ = {isa = PBXFileReference; lastKnownFileType = sourcecode.c.objc; path = Gaucho_LifesaverView.m; sourceTree = "<group>"; };
		2700A6E121470F2A007B1BC1 /* Info.plist */ = {isa = PBXFileReference; lastKnownFileType = text.plist.xml; path = Info.plist; sourceTree = "<group>"; };
		2700A6E7214714CB007B1BC1 /* libswiftAppKit.tbd */ = {isa = PBXFileReference; lastKnownFileType = "sourcecode.text-based-dylib-definition"; name = libswiftAppKit.tbd; path = System/Library/PrivateFrameworks/Swift/libswiftAppKit.tbd; sourceTree = SDKROOT; };
/* End PBXFileReference section */

/* Begin PBXFrameworksBuildPhase section */
		2700A6A52146F0E2007B1BC1 /* Frameworks */ = {
			isa = PBXFrameworksBuildPhase;
			buildActionMask = 2147483647;
			files = (
			);
			runOnlyForDeploymentPostprocessing = 0;
		};
		2700A6D721470F2A007B1BC1 /* Frameworks */ = {
			isa = PBXFrameworksBuildPhase;
			buildActionMask = 2147483647;
			files = (
			);
			runOnlyForDeploymentPostprocessing = 0;
		};
/* End PBXFrameworksBuildPhase section */

/* Begin PBXGroup section */
		2700A69F2146F0E2007B1BC1 = {
			isa = PBXGroup;
			children = (
				2700A6AA2146F0E2007B1BC1 /* Gaucho Life */,
				2700A6DC21470F2A007B1BC1 /* Gaucho Lifesaver */,
				2700A6A92146F0E2007B1BC1 /* Products */,
				2700A6D3214705FE007B1BC1 /* Frameworks */,
			);
			sourceTree = "<group>";
		};
		2700A6A92146F0E2007B1BC1 /* Products */ = {
			isa = PBXGroup;
			children = (
				2700A6A82146F0E2007B1BC1 /* Gaucho Life App.app */,
				2700A6DB21470F2A007B1BC1 /* Gaucho Life.saver */,
			);
			name = Products;
			sourceTree = "<group>";
		};
		2700A6AA2146F0E2007B1BC1 /* Gaucho Life */ = {
			isa = PBXGroup;
			children = (
				2700A6AB2146F0E2007B1BC1 /* AppDelegate.swift */,
				2700A6AD2146F0E2007B1BC1 /* ViewController.swift */,
				2700A6BF2146F135007B1BC1 /* LifeView.swift */,
				2700A6BB2146F0F5007B1BC1 /* LifeModel.swift */,
				2700A6AF2146F0E2007B1BC1 /* Assets.xcassets */,
				2700A6B12146F0E2007B1BC1 /* Main.storyboard */,
				2700A6B42146F0E2007B1BC1 /* Info.plist */,
				2700A6B52146F0E2007B1BC1 /* Gaucho_Life.entitlements */,
			);
			path = "Gaucho Life";
			sourceTree = "<group>";
		};
		2700A6D3214705FE007B1BC1 /* Frameworks */ = {
			isa = PBXGroup;
			children = (
				2700A6E7214714CB007B1BC1 /* libswiftAppKit.tbd */,
				2700A6D4214705FE007B1BC1 /* ScreenSaver.framework */,
			);
			name = Frameworks;
			sourceTree = "<group>";
		};
		2700A6DC21470F2A007B1BC1 /* Gaucho Lifesaver */ = {
			isa = PBXGroup;
			children = (
				2700A6DD21470F2A007B1BC1 /* Gaucho_LifesaverView.h */,
				2700A6DF21470F2A007B1BC1 /* Gaucho_LifesaverView.m */,
				2700A6E121470F2A007B1BC1 /* Info.plist */,
			);
			path = "Gaucho Lifesaver";
			sourceTree = "<group>";
		};
/* End PBXGroup section */

/* Begin PBXHeadersBuildPhase section */
		2700A6D821470F2A007B1BC1 /* Headers */ = {
			isa = PBXHeadersBuildPhase;
			buildActionMask = 2147483647;
			files = (
				2700A6DE21470F2A007B1BC1 /* Gaucho_LifesaverView.h in Headers */,
			);
			runOnlyForDeploymentPostprocessing = 0;
		};
/* End PBXHeadersBuildPhase section */

/* Begin PBXNativeTarget section */
		2700A6A72146F0E2007B1BC1 /* Gaucho Life App */ = {
			isa = PBXNativeTarget;
			buildConfigurationList = 2700A6B82146F0E2007B1BC1 /* Build configuration list for PBXNativeTarget "Gaucho Life App" */;
			buildPhases = (
				2700A6A42146F0E2007B1BC1 /* Sources */,
				2700A6A52146F0E2007B1BC1 /* Frameworks */,
				2700A6A62146F0E2007B1BC1 /* Resources */,
			);
			buildRules = (
			);
			dependencies = (
			);
			name = "Gaucho Life App";
			productName = "Gaucho Life";
			productReference = 2700A6A82146F0E2007B1BC1 /* Gaucho Life App.app */;
			productType = "com.apple.product-type.application";
		};
		2700A6DA21470F2A007B1BC1 /* Gaucho Life */ = {
			isa = PBXNativeTarget;
			buildConfigurationList = 2700A6E221470F2A007B1BC1 /* Build configuration list for PBXNativeTarget "Gaucho Life" */;
			buildPhases = (
				2700A6D621470F2A007B1BC1 /* Sources */,
				2700A6D721470F2A007B1BC1 /* Frameworks */,
				2700A6D821470F2A007B1BC1 /* Headers */,
				2700A6D921470F2A007B1BC1 /* Resources */,
			);
			buildRules = (
			);
			dependencies = (
			);
			name = "Gaucho Life";
			productName = "Gaucho Lifesaver";
			productReference = 2700A6DB21470F2A007B1BC1 /* Gaucho Life.saver */;
			productType = "com.apple.product-type.bundle";
		};
/* End PBXNativeTarget section */

/* Begin PBXProject section */
		2700A6A02146F0E2007B1BC1 /* Project object */ = {
			isa = PBXProject;
			attributes = {
				LastSwiftUpdateCheck = 0940;
				LastUpgradeCheck = 0940;
				ORGANIZATIONNAME = "Mike Piatek-Jimenez";
				TargetAttributes = {
					2700A6A72146F0E2007B1BC1 = {
						CreatedOnToolsVersion = 9.4.1;
					};
					2700A6DA21470F2A007B1BC1 = {
						CreatedOnToolsVersion = 9.4.1;
						LastSwiftMigration = 1000;
					};
				};
			};
			buildConfigurationList = 2700A6A32146F0E2007B1BC1 /* Build configuration list for PBXProject "Gaucho Life" */;
			compatibilityVersion = "Xcode 9.3";
			developmentRegion = en;
			hasScannedForEncodings = 0;
			knownRegions = (
				en,
				Base,
			);
			mainGroup = 2700A69F2146F0E2007B1BC1;
			productRefGroup = 2700A6A92146F0E2007B1BC1 /* Products */;
			projectDirPath = "";
			projectRoot = "";
			targets = (
				2700A6A72146F0E2007B1BC1 /* Gaucho Life App */,
				2700A6DA21470F2A007B1BC1 /* Gaucho Life */,
			);
		};
/* End PBXProject section */

/* Begin PBXResourcesBuildPhase section */
		2700A6A62146F0E2007B1BC1 /* Resources */ = {
			isa = PBXResourcesBuildPhase;
			buildActionMask = 2147483647;
			files = (
				2700A6B02146F0E2007B1BC1 /* Assets.xcassets in Resources */,
				2700A6B32146F0E2007B1BC1 /* Main.storyboard in Resources */,
			);
			runOnlyForDeploymentPostprocessing = 0;
		};
		2700A6D921470F2A007B1BC1 /* Resources */ = {
			isa = PBXResourcesBuildPhase;
			buildActionMask = 2147483647;
			files = (
			);
			runOnlyForDeploymentPostprocessing = 0;
		};
/* End PBXResourcesBuildPhase section */

/* Begin PBXSourcesBuildPhase section */
		2700A6A42146F0E2007B1BC1 /* Sources */ = {
			isa = PBXSourcesBuildPhase;
			buildActionMask = 2147483647;
			files = (
				2700A6C02146F135007B1BC1 /* LifeView.swift in Sources */,
				2700A6AE2146F0E2007B1BC1 /* ViewController.swift in Sources */,
				2700A6AC2146F0E2007B1BC1 /* AppDelegate.swift in Sources */,
				2700A6BC2146F0F5007B1BC1 /* LifeModel.swift in Sources */,
			);
			runOnlyForDeploymentPostprocessing = 0;
		};
		2700A6D621470F2A007B1BC1 /* Sources */ = {
			isa = PBXSourcesBuildPhase;
			buildActionMask = 2147483647;
			files = (
				2700A6E021470F2A007B1BC1 /* Gaucho_LifesaverView.m in Sources */,
				2700A6E5214710CC007B1BC1 /* LifeModel.swift in Sources */,
			);
			runOnlyForDeploymentPostprocessing = 0;
		};
/* End PBXSourcesBuildPhase section */

/* Begin PBXVariantGroup section */
		2700A6B12146F0E2007B1BC1 /* Main.storyboard */ = {
			isa = PBXVariantGroup;
			children = (
				2700A6B22146F0E2007B1BC1 /* Base */,
			);
			name = Main.storyboard;
			sourceTree = "<group>";
		};
/* End PBXVariantGroup section */

/* Begin XCBuildConfiguration section */
		2700A6B62146F0E2007B1BC1 /* Debug */ = {
			isa = XCBuildConfiguration;
			buildSettings = {
				ALWAYS_SEARCH_USER_PATHS = NO;
				CLANG_ANALYZER_NONNULL = YES;
				CLANG_ANALYZER_NUMBER_OBJECT_CONVERSION = YES_AGGRESSIVE;
				CLANG_CXX_LANGUAGE_STANDARD = "gnu++14";
				CLANG_CXX_LIBRARY = "libc++";
				CLANG_ENABLE_MODULES = YES;
				CLANG_ENABLE_OBJC_ARC = YES;
				CLANG_ENABLE_OBJC_WEAK = YES;
				CLANG_WARN_BLOCK_CAPTURE_AUTORELEASING = YES;
				CLANG_WARN_BOOL_CONVERSION = YES;
				CLANG_WARN_COMMA = YES;
				CLANG_WARN_CONSTANT_CONVERSION = YES;
				CLANG_WARN_DEPRECATED_OBJC_IMPLEMENTATIONS = YES;
				CLANG_WARN_DIRECT_OBJC_ISA_USAGE = YES_ERROR;
				CLANG_WARN_DOCUMENTATION_COMMENTS = YES;
				CLANG_WARN_EMPTY_BODY = YES;
				CLANG_WARN_ENUM_CONVERSION = YES;
				CLANG_WARN_INFINITE_RECURSION = YES;
				CLANG_WARN_INT_CONVERSION = YES;
				CLANG_WARN_NON_LITERAL_NULL_CONVERSION = YES;
				CLANG_WARN_OBJC_IMPLICIT_RETAIN_SELF = YES;
				CLANG_WARN_OBJC_LITERAL_CONVERSION = YES;
				CLANG_WARN_OBJC_ROOT_CLASS = YES_ERROR;
				CLANG_WARN_RANGE_LOOP_ANALYSIS = YES;
				CLANG_WARN_STRICT_PROTOTYPES = YES;
				CLANG_WARN_SUSPICIOUS_MOVE = YES;
				CLANG_WARN_UNGUARDED_AVAILABILITY = YES_AGGRESSIVE;
				CLANG_WARN_UNREACHABLE_CODE = YES;
				CLANG_WARN__DUPLICATE_METHOD_MATCH = YES;
				CODE_SIGN_IDENTITY = "-";
				COPY_PHASE_STRIP = NO;
				DEBUG_INFORMATION_FORMAT = dwarf;
				ENABLE_STRICT_OBJC_MSGSEND = YES;
				ENABLE_TESTABILITY = YES;
				GCC_C_LANGUAGE_STANDARD = gnu11;
				GCC_DYNAMIC_NO_PIC = NO;
				GCC_NO_COMMON_BLOCKS = YES;
				GCC_OPTIMIZATION_LEVEL = 0;
				GCC_PREPROCESSOR_DEFINITIONS = (
					"DEBUG=1",
					"$(inherited)",
				);
				GCC_WARN_64_TO_32_BIT_CONVERSION = YES;
				GCC_WARN_ABOUT_RETURN_TYPE = YES_ERROR;
				GCC_WARN_UNDECLARED_SELECTOR = YES;
				GCC_WARN_UNINITIALIZED_AUTOS = YES_AGGRESSIVE;
				GCC_WARN_UNUSED_FUNCTION = YES;
				GCC_WARN_UNUSED_VARIABLE = YES;
				MACOSX_DEPLOYMENT_TARGET = 10.14;
				MTL_ENABLE_DEBUG_INFO = YES;
				ONLY_ACTIVE_ARCH = YES;
				SDKROOT = macosx;
				SWIFT_ACTIVE_COMPILATION_CONDITIONS = DEBUG;
				SWIFT_OPTIMIZATION_LEVEL = "-Onone";
			};
			name = Debug;
		};
		2700A6B72146F0E2007B1BC1 /* Release */ = {
			isa = XCBuildConfiguration;
			buildSettings = {
				ALWAYS_SEARCH_USER_PATHS = NO;
				CLANG_ANALYZER_NONNULL = YES;
				CLANG_ANALYZER_NUMBER_OBJECT_CONVERSION = YES_AGGRESSIVE;
				CLANG_CXX_LANGUAGE_STANDARD = "gnu++14";
				CLANG_CXX_LIBRARY = "libc++";
				CLANG_ENABLE_MODULES = YES;
				CLANG_ENABLE_OBJC_ARC = YES;
				CLANG_ENABLE_OBJC_WEAK = YES;
				CLANG_WARN_BLOCK_CAPTURE_AUTORELEASING = YES;
				CLANG_WARN_BOOL_CONVERSION = YES;
				CLANG_WARN_COMMA = YES;
				CLANG_WARN_CONSTANT_CONVERSION = YES;
				CLANG_WARN_DEPRECATED_OBJC_IMPLEMENTATIONS = YES;
				CLANG_WARN_DIRECT_OBJC_ISA_USAGE = YES_ERROR;
				CLANG_WARN_DOCUMENTATION_COMMENTS = YES;
				CLANG_WARN_EMPTY_BODY = YES;
				CLANG_WARN_ENUM_CONVERSION = YES;
				CLANG_WARN_INFINITE_RECURSION = YES;
				CLANG_WARN_INT_CONVERSION = YES;
				CLANG_WARN_NON_LITERAL_NULL_CONVERSION = YES;
				CLANG_WARN_OBJC_IMPLICIT_RETAIN_SELF = YES;
				CLANG_WARN_OBJC_LITERAL_CONVERSION = YES;
				CLANG_WARN_OBJC_ROOT_CLASS = YES_ERROR;
				CLANG_WARN_RANGE_LOOP_ANALYSIS = YES;
				CLANG_WARN_STRICT_PROTOTYPES = YES;
				CLANG_WARN_SUSPICIOUS_MOVE = YES;
				CLANG_WARN_UNGUARDED_AVAILABILITY = YES_AGGRESSIVE;
				CLANG_WARN_UNREACHABLE_CODE = YES;
				CLANG_WARN__DUPLICATE_METHOD_MATCH = YES;
				CODE_SIGN_IDENTITY = "-";
				COPY_PHASE_STRIP = NO;
				DEBUG_INFORMATION_FORMAT = "dwarf-with-dsym";
				ENABLE_NS_ASSERTIONS = NO;
				ENABLE_STRICT_OBJC_MSGSEND = YES;
				GCC_C_LANGUAGE_STANDARD = gnu11;
				GCC_NO_COMMON_BLOCKS = YES;
				GCC_WARN_64_TO_32_BIT_CONVERSION = YES;
				GCC_WARN_ABOUT_RETURN_TYPE = YES_ERROR;
				GCC_WARN_UNDECLARED_SELECTOR = YES;
				GCC_WARN_UNINITIALIZED_AUTOS = YES_AGGRESSIVE;
				GCC_WARN_UNUSED_FUNCTION = YES;
				GCC_WARN_UNUSED_VARIABLE = YES;
				MACOSX_DEPLOYMENT_TARGET = 10.14;
				MTL_ENABLE_DEBUG_INFO = NO;
				SDKROOT = macosx;
				SWIFT_COMPILATION_MODE = wholemodule;
				SWIFT_OPTIMIZATION_LEVEL = "-O";
			};
			name = Release;
		};
		2700A6B92146F0E2007B1BC1 /* Debug */ = {
			isa = XCBuildConfiguration;
			buildSettings = {
				ASSETCATALOG_COMPILER_APPICON_NAME = AppIcon;
				CODE_SIGN_ENTITLEMENTS = "Gaucho Life/Gaucho_Life.entitlements";
				CODE_SIGN_IDENTITY = "Apple Development";
				CODE_SIGN_STYLE = Automatic;
				COMBINE_HIDPI_IMAGES = YES;
				DEVELOPMENT_TEAM = 28EXY66HMA;
				INFOPLIST_FILE = "Gaucho Life/Info.plist";
				LD_RUNPATH_SEARCH_PATHS = (
					"$(inherited)",
					"@executable_path/../Frameworks",
				);
				MACOSX_DEPLOYMENT_TARGET = 10.13;
				PRODUCT_BUNDLE_IDENTIFIER = "com.gauchosoft.Gaucho-Life";
				PRODUCT_NAME = "$(TARGET_NAME)";
				SWIFT_VERSION = 4.0;
			};
			name = Debug;
		};
		2700A6BA2146F0E2007B1BC1 /* Release */ = {
			isa = XCBuildConfiguration;
			buildSettings = {
				ASSETCATALOG_COMPILER_APPICON_NAME = AppIcon;
				CODE_SIGN_ENTITLEMENTS = "Gaucho Life/Gaucho_Life.entitlements";
				CODE_SIGN_IDENTITY = "Apple Development";
				CODE_SIGN_STYLE = Automatic;
				COMBINE_HIDPI_IMAGES = YES;
				DEVELOPMENT_TEAM = 28EXY66HMA;
				INFOPLIST_FILE = "Gaucho Life/Info.plist";
				LD_RUNPATH_SEARCH_PATHS = (
					"$(inherited)",
					"@executable_path/../Frameworks",
				);
				MACOSX_DEPLOYMENT_TARGET = 10.13;
				PRODUCT_BUNDLE_IDENTIFIER = "com.gauchosoft.Gaucho-Life";
				PRODUCT_NAME = "$(TARGET_NAME)";
				SWIFT_VERSION = 4.0;
			};
			name = Release;
		};
		2700A6E321470F2A007B1BC1 /* Debug */ = {
			isa = XCBuildConfiguration;
			buildSettings = {
				ALWAYS_EMBED_SWIFT_STANDARD_LIBRARIES = YES;
				CODE_SIGN_IDENTITY = "Developer ID Application";
				CODE_SIGN_STYLE = Manual;
				COMBINE_HIDPI_IMAGES = YES;
				DEVELOPMENT_TEAM = 28EXY66HMA;
				INFOPLIST_FILE = "Gaucho Lifesaver/Info.plist";
				INSTALL_PATH = "$(HOME)/Library/Screen Savers";
				LD_RUNPATH_SEARCH_PATHS = "@loader_path/../Frameworks";
				LIBRARY_SEARCH_PATHS = (
					"$(inherited)",
					"$(SDKROOT)$(SYSTEM_LIBRARY_DIR)/PrivateFrameworks/Swift",
				);
				MACOSX_DEPLOYMENT_TARGET = 10.13;
				PRODUCT_BUNDLE_IDENTIFIER = "com.gauchosoft.Gaucho-Life";
				PRODUCT_NAME = "$(TARGET_NAME)";
				PROVISIONING_PROFILE_SPECIFIER = "";
				SWIFT_VERSION = 4.2;
				WRAPPER_EXTENSION = saver;
			};
			name = Debug;
		};
		2700A6E421470F2A007B1BC1 /* Release */ = {
			isa = XCBuildConfiguration;
			buildSettings = {
				ALWAYS_EMBED_SWIFT_STANDARD_LIBRARIES = YES;
				CODE_SIGN_IDENTITY = "Developer ID Application";
				CODE_SIGN_STYLE = Manual;
				COMBINE_HIDPI_IMAGES = YES;
				DEVELOPMENT_TEAM = 28EXY66HMA;
				INFOPLIST_FILE = "Gaucho Lifesaver/Info.plist";
				INSTALL_PATH = "$(HOME)/Library/Screen Savers";
				LD_RUNPATH_SEARCH_PATHS = "@loader_path/../Frameworks";
				LIBRARY_SEARCH_PATHS = (
					"$(inherited)",
					"$(SDKROOT)$(SYSTEM_LIBRARY_DIR)/PrivateFrameworks/Swift",
				);
				MACOSX_DEPLOYMENT_TARGET = 10.13;
				PRODUCT_BUNDLE_IDENTIFIER = "com.gauchosoft.Gaucho-Life";
				PRODUCT_NAME = "$(TARGET_NAME)";
				PROVISIONING_PROFILE_SPECIFIER = "";
				SWIFT_VERSION = 4.2;
				WRAPPER_EXTENSION = saver;
			};
			name = Release;
		};
/* End XCBuildConfiguration section */

/* Begin XCConfigurationList section */
		2700A6A32146F0E2007B1BC1 /* Build configuration list for PBXProject "Gaucho Life" */ = {
			isa = XCConfigurationList;
			buildConfigurations = (
				2700A6B62146F0E2007B1BC1 /* Debug */,
				2700A6B72146F0E2007B1BC1 /* Release */,
			);
			defaultConfigurationIsVisible = 0;
			defaultConfigurationName = Release;
		};
		2700A6B82146F0E2007B1BC1 /* Build configuration list for PBXNativeTarget "Gaucho Life App" */ = {
			isa = XCConfigurationList;
			buildConfigurations = (
				2700A6B92146F0E2007B1BC1 /* Debug */,
				2700A6BA2146F0E2007B1BC1 /* Release */,
			);
			defaultConfigurationIsVisible = 0;
			defaultConfigurationName = Release;
		};
		2700A6E221470F2A007B1BC1 /* Build configuration list for PBXNativeTarget "Gaucho Life" */ = {
			isa = XCConfigurationList;
			buildConfigurations = (
				2700A6E321470F2A007B1BC1 /* Debug */,
				2700A6E421470F2A007B1BC1 /* Release */,
			);
			defaultConfigurationIsVisible = 0;
			defaultConfigurationName = Release;
		};
/* End XCConfigurationList section */
	};
	rootObject = 2700A6A02146F0E2007B1BC1 /* Project object */;
}
